
Microsoft Visual Studio Solution File, Format Version 12.00
# Visual Studio Version 17
VisualStudioVersion = 17.9.34407.89
MinimumVisualStudioVersion = 10.0.40219.1
Project("{FAE04EC0-301F-11D3-BF4B-00C04F79EFBC}") = "22.12.2023", "22.12.2023.csproj", "{26AAD53F-CEA6-4B64-A8CD-EDF1134B25EA}"
EndProject
Global
	GlobalSection(SolutionConfigurationPlatforms) = preSolution
		Debug|Any CPU = Debug|Any CPU
		Release|Any CPU = Release|Any CPU
	EndGlobalSection
	GlobalSection(ProjectConfigurationPlatforms) = postSolution
		{26AAD53F-CEA6-4B64-A8CD-EDF1134B25EA}.Debug|Any CPU.ActiveCfg = Debug|Any CPU
		{26AAD53F-CEA6-4B64-A8CD-EDF1134B25EA}.Debug|Any CPU.Build.0 = Debug|Any CPU
		{26AAD53F-CEA6-4B64-A8CD-EDF1134B25EA}.Release|Any CPU.ActiveCfg = Release|Any CPU
		{26AAD53F-CEA6-4B64-A8CD-EDF1134B25EA}.Release|Any CPU.Build.0 = Release|Any CPU
	EndGlobalSection
	GlobalSection(SolutionProperties) = preSolution
		HideSolutionNode = FALSE
	EndGlobalSection
	GlobalSection(ExtensibilityGlobals) = postSolution
		SolutionGuid = {2B7A4931-1805-483A-A626-EC13789DC59B}
	EndGlobalSection
EndGlobal
